
Microsoft Visual Studio Solution File, Format Version 12.00
# Visual Studio Version 17
VisualStudioVersion = 17.0.31903.59
MinimumVisualStudioVersion = 10.0.40219.1
Project("{FAE04EC0-301F-11D3-BF4B-00C04F79EFBC}") = "Appointment.SDK.Backend", "Appointment.SDK.Backend\Appointment.SDK.Backend.csproj", "{91155C01-4534-461C-AA21-4333DB1D4258}"
EndProject
Project("{FAE04EC0-301F-11D3-BF4B-00C04F79EFBC}") = "Appointment.SDK.Shared", "Appointment.SDK.Shared\Appointment.SDK.Shared.csproj", "{1421482B-B29D-4386-BF16-C533160D7B27}"
EndProject
Global
	GlobalSection(SolutionConfigurationPlatforms) = preSolution
		Debug|Any CPU = Debug|Any CPU
		Release|Any CPU = Release|Any CPU
	EndGlobalSection
	GlobalSection(SolutionProperties) = preSolution
		HideSolutionNode = FALSE
	EndGlobalSection
	GlobalSection(ProjectConfigurationPlatforms) = postSolution
		{91155C01-4534-461C-AA21-4333DB1D4258}.Debug|Any CPU.ActiveCfg = Debug|Any CPU
		{91155C01-4534-461C-AA21-4333DB1D4258}.Debug|Any CPU.Build.0 = Debug|Any CPU
		{91155C01-4534-461C-AA21-4333DB1D4258}.Release|Any CPU.ActiveCfg = Release|Any CPU
		{91155C01-4534-461C-AA21-4333DB1D4258}.Release|Any CPU.Build.0 = Release|Any CPU
		{1421482B-B29D-4386-BF16-C533160D7B27}.Debug|Any CPU.ActiveCfg = Debug|Any CPU
		{1421482B-B29D-4386-BF16-C533160D7B27}.Debug|Any CPU.Build.0 = Debug|Any CPU
		{1421482B-B29D-4386-BF16-C533160D7B27}.Release|Any CPU.ActiveCfg = Release|Any CPU
		{1421482B-B29D-4386-BF16-C533160D7B27}.Release|Any CPU.Build.0 = Release|Any CPU
	EndGlobalSection
EndGlobal
